
Microsoft Visual Studio Solution File, Format Version 12.00
# Visual Studio Version 16
VisualStudioVersion = 16.0.28922.388
MinimumVisualStudioVersion = 10.0.40219.1
Project("{FAE04EC0-301F-11D3-BF4B-00C04F79EFBC}") = "Inventory", "Inventory\Inventory.csproj", "{057807F1-00AE-4CCC-89E4-3B07390088F5}"
EndProject
Project("{FAE04EC0-301F-11D3-BF4B-00C04F79EFBC}") = "Notice", "Notice\Notice.csproj", "{A2A8D8EB-B87A-4281-AACE-146CFA109CCE}"
EndProject
Project("{FAE04EC0-301F-11D3-BF4B-00C04F79EFBC}") = "Main", "Main\Main.csproj", "{EE0F72F6-8CD5-4CEF-85BB-677F67812883}"
EndProject
Global
	GlobalSection(SolutionConfigurationPlatforms) = preSolution
		Debug|Any CPU = Debug|Any CPU
		Release|Any CPU = Release|Any CPU
	EndGlobalSection
	GlobalSection(ProjectConfigurationPlatforms) = postSolution
		{057807F1-00AE-4CCC-89E4-3B07390088F5}.Debug|Any CPU.ActiveCfg = Debug|Any CPU
		{057807F1-00AE-4CCC-89E4-3B07390088F5}.Debug|Any CPU.Build.0 = Debug|Any CPU
		{057807F1-00AE-4CCC-89E4-3B07390088F5}.Release|Any CPU.ActiveCfg = Release|Any CPU
		{057807F1-00AE-4CCC-89E4-3B07390088F5}.Release|Any CPU.Build.0 = Release|Any CPU
		{A2A8D8EB-B87A-4281-AACE-146CFA109CCE}.Debug|Any CPU.ActiveCfg = Debug|Any CPU
		{A2A8D8EB-B87A-4281-AACE-146CFA109CCE}.Debug|Any CPU.Build.0 = Debug|Any CPU
		{A2A8D8EB-B87A-4281-AACE-146CFA109CCE}.Release|Any CPU.ActiveCfg = Release|Any CPU
		{A2A8D8EB-B87A-4281-AACE-146CFA109CCE}.Release|Any CPU.Build.0 = Release|Any CPU
		{EE0F72F6-8CD5-4CEF-85BB-677F67812883}.Debug|Any CPU.ActiveCfg = Debug|Any CPU
		{EE0F72F6-8CD5-4CEF-85BB-677F67812883}.Debug|Any CPU.Build.0 = Debug|Any CPU
		{EE0F72F6-8CD5-4CEF-85BB-677F67812883}.Release|Any CPU.ActiveCfg = Release|Any CPU
		{EE0F72F6-8CD5-4CEF-85BB-677F67812883}.Release|Any CPU.Build.0 = Release|Any CPU
	EndGlobalSection
	GlobalSection(SolutionProperties) = preSolution
		HideSolutionNode = FALSE
	EndGlobalSection
	GlobalSection(ExtensibilityGlobals) = postSolution
		SolutionGuid = {24D7B605-4C64-46A6-BD64-57DCEED19011}
	EndGlobalSection
EndGlobal
