
Microsoft Visual Studio Solution File, Format Version 12.00
# Visual Studio 15
VisualStudioVersion = 15.0.28010.2036
MinimumVisualStudioVersion = 10.0.40219.1
Project("{FAE04EC0-301F-11D3-BF4B-00C04F79EFBC}") = "OutlookAddIn1", "OutlookAddIn1\OutlookAddIn1.csproj", "{D743A3A3-65B4-426E-99C4-26C755194791}"
EndProject
Global
	GlobalSection(SolutionConfigurationPlatforms) = preSolution
		Debug|Any CPU = Debug|Any CPU
		Release|Any CPU = Release|Any CPU
	EndGlobalSection
	GlobalSection(ProjectConfigurationPlatforms) = postSolution
		{D743A3A3-65B4-426E-99C4-26C755194791}.Debug|Any CPU.ActiveCfg = Debug|Any CPU
		{D743A3A3-65B4-426E-99C4-26C755194791}.Debug|Any CPU.Build.0 = Debug|Any CPU
		{D743A3A3-65B4-426E-99C4-26C755194791}.Release|Any CPU.ActiveCfg = Release|Any CPU
		{D743A3A3-65B4-426E-99C4-26C755194791}.Release|Any CPU.Build.0 = Release|Any CPU
	EndGlobalSection
	GlobalSection(SolutionProperties) = preSolution
		HideSolutionNode = FALSE
	EndGlobalSection
	GlobalSection(ExtensibilityGlobals) = postSolution
		SolutionGuid = {238238FE-7BB6-4877-8D46-0D4F0CBFE97E}
	EndGlobalSection
EndGlobal
